%{
  "elixir_make": {:hex, :elixir_make, "0.8.4", "4960a03ce79081dee8fe119d80ad372c4e7badb84c493cc75983f9d3bc8bde0f", [:mix], [{:castore, "~> 0.1 or ~> 1.0", [hex: :castore, repo: "hexpm", optional: true]}, {:certifi, "~> 2.0", [hex: :certifi, repo: "hexpm", optional: true]}], "hexpm", "6e7f1d619b5f61dfabd0a20aa268e575572b542ac31723293a4c1a567d5ef040"},
  "extty": {:hex, :extty, "0.4.1", "46aefe0a6056a04d687101deedb3ca5664233e1e4b3130ddca0232b9ee72433a", [:mix], [], "hexpm", "c049f2fad4068f4036a2314786e49b0cbde349ada397186e772a112652f2b6e8"},
  "fwup": {:hex, :fwup, "1.1.0", "6c9d5f06a38263855dcf34f5a5b4da46c2ca42f6e3f873b8f932d095ce010765", [:mix], [], "hexpm", "3ff61d932a42785efc3324ecab6cf9bd3de75dacfca16d9e659a7173ef9f15d6"},
  "hpax": {:hex, :hpax, "1.0.0", "28dcf54509fe2152a3d040e4e3df5b265dcb6cb532029ecbacf4ce52caea3fd2", [:mix], [], "hexpm", "7f1314731d711e2ca5fdc7fd361296593fc2542570b3105595bb0bc6d0fad601"},
  "jason": {:hex, :jason, "1.4.3", "d3f984eeb96fe53b85d20e0b049f03e57d075b5acda3ac8d465c969a2536c17b", [:mix], [{:decimal, "~> 1.0 or ~> 2.0", [hex: :decimal, repo: "hexpm", optional: true]}], "hexpm", "9a90e868927f7c777689baa16d86f4d0e086d968db5c05d917ccff6d443e58a3"},
  "mint": {:hex, :mint, "1.6.2", "af6d97a4051eee4f05b5500671d47c3a67dac7386045d87a904126fd4bbcea2e", [:mix], [{:castore, "~> 0.1.0 or ~> 1.0", [hex: :castore, repo: "hexpm", optional: true]}, {:hpax, "~> 0.1.1 or ~> 0.2.0 or ~> 1.0", [hex: :hpax, repo: "hexpm", optional: false]}], "hexpm", "5ee441dffc1892f1ae59127f74afe8fd82fda6587794278d924e4d90ea3d63f9"},
  "mint_web_socket": {:hex, :mint_web_socket, "1.0.4", "0b539116dbb3d3f861cdf5e15e269a933cb501c113a14db7001a3157d96ffafd", [:mix], [{:mint, ">= 1.4.1 and < 2.0.0-0", [hex: :mint, repo: "hexpm", optional: false]}], "hexpm", "027d4c5529c45a4ba0ce27a01c0f35f284a5468519c045ca15f43decb360a991"},
  "muontrap": {:hex, :muontrap, "1.5.0", "bf5c273872379968615a39974458328209ac97fa1f588396192131ff973d1ca2", [:make, :mix], [{:elixir_make, "~> 0.6", [hex: :elixir_make, repo: "hexpm", optional: false]}], "hexpm", "daf605e877f60b5be9215e3420d7971fc468677b29921e40915b15fd928273d4"},
  "nerves_logging": {:hex, :nerves_logging, "0.2.2", "d0e878ac92e6907757fa9898b661250fa1cf50474763ca59ecfadca1c2235337", [:make, :mix], [{:elixir_make, "~> 0.6", [hex: :elixir_make, repo: "hexpm", optional: false]}], "hexpm", "74c181c6f011ea0c2d52956ad82065a59d7c7b62ddfba5967b010ef125f460a5"},
  "nerves_runtime": {:hex, :nerves_runtime, "0.13.7", "0a7b15d5f55af1b695f7a4a1bd597c2f6101f8cbe7fe7a30743e3e441b7e233f", [:mix], [{:nerves_logging, "~> 0.2.0", [hex: :nerves_logging, repo: "hexpm", optional: false]}, {:nerves_uevent, "~> 0.1.0", [hex: :nerves_uevent, repo: "hexpm", optional: false]}, {:uboot_env, "~> 0.3.0 or ~> 1.0", [hex: :uboot_env, repo: "hexpm", optional: false]}], "hexpm", "6bafb89344709e5405cc7f9b140f91ca76ea3749f0eb3af80d8f8b8c53388b2d"},
  "nerves_time": {:hex, :nerves_time, "0.4.8", "50523376d487dfaea9bde973b9160a2ce811ade3ba2533776ef5c2ff4d80c277", [:make, :mix], [{:elixir_make, "~> 0.6", [hex: :elixir_make, repo: "hexpm", optional: false]}, {:muontrap, "~> 0.5 or ~> 1.0", [hex: :muontrap, repo: "hexpm", optional: false]}], "hexpm", "84479a25b725c24d1b758eaef3450043868591c8102c0ca1d7cc051a6402dd03"},
  "nerves_uevent": {:hex, :nerves_uevent, "0.1.0", "651111a46be9a238560cbf7946989fc500e5f33d7035fd9ea7194d07a281bc19", [:make, :mix], [{:elixir_make, "~> 0.6", [hex: :elixir_make, repo: "hexpm", optional: false]}, {:property_table, "~> 0.2.0", [hex: :property_table, repo: "hexpm", optional: false]}], "hexpm", "cb0b1993c3ed3cefadbcdb534e910af0661f95c3445796ce8a7c8be3519a4e5f"},
  "nimble_options": {:hex, :nimble_options, "1.1.1", "e3a492d54d85fc3fd7c5baf411d9d2852922f66e69476317787a7b2bb000a61b", [:mix], [], "hexpm", "821b2470ca9442c4b6984882fe9bb0389371b8ddec4d45a9504f00a66f650b44"},
  "plug_crypto": {:hex, :plug_crypto, "2.1.0", "f44309c2b06d249c27c8d3f65cfe08158ade08418cf540fd4f72d4d6863abb7b", [:mix], [], "hexpm", "131216a4b030b8f8ce0f26038bc4421ae60e4bb95c5cf5395e1421437824c4fa"},
  "property_table": {:hex, :property_table, "0.2.5", "72567da62711d0b8b517990eadbe76685e5b02ed90ad5a2e48ae6f3a7922cf64", [:mix], [], "hexpm", "abfd4ce4dd9a7a6d39c0a35b177c09dc9aba5af0eb1f93cc28919e31d5f8bbab"},
  "slipstream": {:hex, :slipstream, "1.1.1", "7e56f62f1a9ee81351e3c36f57b9b187e00dc2f470e70ba46ea7ad16e80b061f", [:mix], [{:jason, "~> 1.0", [hex: :jason, repo: "hexpm", optional: true]}, {:mint_web_socket, "~> 0.2 or ~> 1.0", [hex: :mint_web_socket, repo: "hexpm", optional: false]}, {:nimble_options, "~> 0.1 or ~> 1.0", [hex: :nimble_options, repo: "hexpm", optional: false]}, {:telemetry, "~> 0.4 or ~> 1.0", [hex: :telemetry, repo: "hexpm", optional: false]}], "hexpm", "c20e420cde1654329d38ec3aa1c0e4debbd4c91ca421491e7984ad4644e638a6"},
  "telemetry": {:hex, :telemetry, "1.2.1", "68fdfe8d8f05a8428483a97d7aab2f268aaff24b49e0f599faa091f1d4e7f61c", [:rebar3], [], "hexpm", "dad9ce9d8effc621708f99eac538ef1cbe05d6a874dd741de2e689c47feafed5"},
  "uboot_env": {:hex, :uboot_env, "1.0.1", "b0e136cf1a561412ff7db23ed2b6df18d7c7ce2fc59941afd851006788a67f3d", [:mix], [], "hexpm", "b6d4fe7c24123be57ed946c48116d23173e37944bc945b8b76fccc437909c60b"},
  "x509": {:hex, :x509, "0.8.9", "03c47e507171507d3d3028d802f48dd575206af2ef00f764a900789dfbe17476", [:mix], [], "hexpm", "ea3fb16a870a199cb2c45908a2c3e89cc934f0434173dc0c828136f878f11661"},
}
